
Microsoft Visual Studio Solution File, Format Version 12.00
# Visual Studio 15
VisualStudioVersion = 15.0.25920.0
MinimumVisualStudioVersion = 10.0.40219.1
Project("{FAE04EC0-301F-11D3-BF4B-00C04F79EFBC}") = "FormulaEvaluator", "FormulaEvaluator\FormulaEvaluator.csproj", "{0AE1D10A-1C66-4F39-A22E-8D4FB159B27A}"
EndProject
Project("{FAE04EC0-301F-11D3-BF4B-00C04F79EFBC}") = "FormulaEvaluator.Demo", "FormulaEvaluator.Demo\FormulaEvaluator.Demo.csproj", "{B3F1AC98-1DEE-4C21-8ADD-CC71C87DE41F}"
EndProject
Global
	GlobalSection(SolutionConfigurationPlatforms) = preSolution
		Debug|Any CPU = Debug|Any CPU
		Release|Any CPU = Release|Any CPU
	EndGlobalSection
	GlobalSection(ProjectConfigurationPlatforms) = postSolution
		{0AE1D10A-1C66-4F39-A22E-8D4FB159B27A}.Debug|Any CPU.ActiveCfg = Debug|Any CPU
		{0AE1D10A-1C66-4F39-A22E-8D4FB159B27A}.Debug|Any CPU.Build.0 = Debug|Any CPU
		{0AE1D10A-1C66-4F39-A22E-8D4FB159B27A}.Release|Any CPU.ActiveCfg = Release|Any CPU
		{0AE1D10A-1C66-4F39-A22E-8D4FB159B27A}.Release|Any CPU.Build.0 = Release|Any CPU
		{B3F1AC98-1DEE-4C21-8ADD-CC71C87DE41F}.Debug|Any CPU.ActiveCfg = Debug|Any CPU
		{B3F1AC98-1DEE-4C21-8ADD-CC71C87DE41F}.Debug|Any CPU.Build.0 = Debug|Any CPU
		{B3F1AC98-1DEE-4C21-8ADD-CC71C87DE41F}.Release|Any CPU.ActiveCfg = Release|Any CPU
		{B3F1AC98-1DEE-4C21-8ADD-CC71C87DE41F}.Release|Any CPU.Build.0 = Release|Any CPU
	EndGlobalSection
	GlobalSection(SolutionProperties) = preSolution
		HideSolutionNode = FALSE
	EndGlobalSection
EndGlobal
